
Microsoft Visual Studio Solution File, Format Version 12.00
# Visual Studio 15
VisualStudioVersion = 15.0.27004.2010
MinimumVisualStudioVersion = 10.0.40219.1
Project("{FAE04EC0-301F-11D3-BF4B-00C04F79EFBC}") = "Lab_7", "Lab_7\Lab_7.csproj", "{376C51FF-3BE4-478B-BC4E-AA700B32DD22}"
EndProject
Global
	GlobalSection(SolutionConfigurationPlatforms) = preSolution
		Debug|Any CPU = Debug|Any CPU
		Release|Any CPU = Release|Any CPU
	EndGlobalSection
	GlobalSection(ProjectConfigurationPlatforms) = postSolution
		{376C51FF-3BE4-478B-BC4E-AA700B32DD22}.Debug|Any CPU.ActiveCfg = Debug|Any CPU
		{376C51FF-3BE4-478B-BC4E-AA700B32DD22}.Debug|Any CPU.Build.0 = Debug|Any CPU
		{376C51FF-3BE4-478B-BC4E-AA700B32DD22}.Release|Any CPU.ActiveCfg = Release|Any CPU
		{376C51FF-3BE4-478B-BC4E-AA700B32DD22}.Release|Any CPU.Build.0 = Release|Any CPU
	EndGlobalSection
	GlobalSection(SolutionProperties) = preSolution
		HideSolutionNode = FALSE
	EndGlobalSection
	GlobalSection(ExtensibilityGlobals) = postSolution
		SolutionGuid = {44B9FABA-A43F-4BD0-B81B-2E6AC7A5142F}
	EndGlobalSection
EndGlobal
