
Microsoft Visual Studio Solution File, Format Version 12.00
# Visual Studio 15
VisualStudioVersion = 15.0.27004.2010
MinimumVisualStudioVersion = 10.0.40219.1
Project("{FAE04EC0-301F-11D3-BF4B-00C04F79EFBC}") = "WebApplication3", "WebApplication3\WebApplication3.csproj", "{25D4B9D6-7668-460F-8E0F-9AE6505B0303}"
EndProject
Global
	GlobalSection(SolutionConfigurationPlatforms) = preSolution
		Debug|Any CPU = Debug|Any CPU
		Release|Any CPU = Release|Any CPU
	EndGlobalSection
	GlobalSection(ProjectConfigurationPlatforms) = postSolution
		{25D4B9D6-7668-460F-8E0F-9AE6505B0303}.Debug|Any CPU.ActiveCfg = Debug|Any CPU
		{25D4B9D6-7668-460F-8E0F-9AE6505B0303}.Debug|Any CPU.Build.0 = Debug|Any CPU
		{25D4B9D6-7668-460F-8E0F-9AE6505B0303}.Release|Any CPU.ActiveCfg = Release|Any CPU
		{25D4B9D6-7668-460F-8E0F-9AE6505B0303}.Release|Any CPU.Build.0 = Release|Any CPU
	EndGlobalSection
	GlobalSection(SolutionProperties) = preSolution
		HideSolutionNode = FALSE
	EndGlobalSection
	GlobalSection(ExtensibilityGlobals) = postSolution
		SolutionGuid = {DDCB2A7A-39B7-45E9-AF7A-D6F5694B6D6A}
	EndGlobalSection
EndGlobal
